# THIS IS AN AUTOGENERATED FILE. DO NOT EDIT THIS FILE DIRECTLY.
# yarn lockfile v1


"@emnapi/core@^1.4.0":
  version "1.4.1"
  resolved "https://registry.yarnpkg.com/@emnapi/core/-/core-1.4.1.tgz#1841d87508c70d9f3008da52a4a50579e03e5728"
  integrity sha512-4JFstCTaToCFrPqrGzgkF8N2NHjtsaY4uRh6brZQ5L9e4wbMieX8oDT8N7qfVFTQecHFEtkj4ve49VIZ3mKVqw==
  dependencies:
    "@emnapi/wasi-threads" "1.0.1"
    tslib "^2.4.0"

"@emnapi/runtime@^1.4.0":
  version "1.4.1"
  resolved "https://registry.yarnpkg.com/@emnapi/runtime/-/runtime-1.4.1.tgz#79e54e3cc7f1955b3080f6e1e0e111e06114e114"
  integrity sha512-LMshMVP0ZhACNjQNYXiU1iZJ6QCcv0lUdPDPugqGvCGXt5xtRVBPdtA0qU12pEXZzpWAhWlZYptfdAFq10DOVQ==
  dependencies:
    tslib "^2.4.0"

"@emnapi/wasi-threads@1.0.1", "@emnapi/wasi-threads@^1.0.1":
  version "1.0.1"
  resolved "https://registry.yarnpkg.com/@emnapi/wasi-threads/-/wasi-threads-1.0.1.tgz#d7ae71fd2166b1c916c6cd2d0df2ef565a2e1a5b"
  integrity sha512-iIBu7mwkq4UQGeMEM8bLwNK962nXdhodeScX4slfQnRhEMMzvYivHhutCIk8uojvmASXXPC2WNEjwxFWk72Oqw==
  dependencies:
    tslib "^2.4.0"

"@esbuild/aix-ppc64@0.21.5":
  version "0.21.5"
  resolved "https://registry.yarnpkg.com/@esbuild/aix-ppc64/-/aix-ppc64-0.21.5.tgz#c7184a326533fcdf1b8ee0733e21c713b975575f"
  integrity sha512-1SDgH6ZSPTlggy1yI6+Dbkiz8xzpHJEVAlF/AM1tHPLsf5STom9rwtjE4hKAF20FfXXNTFqEYXyJNWh1GiZedQ==

"@esbuild/android-arm64@0.21.5":
  version "0.21.5"
  resolved "https://registry.yarnpkg.com/@esbuild/android-arm64/-/android-arm64-0.21.5.tgz#09d9b4357780da9ea3a7dfb833a1f1ff439b4052"
  integrity sha512-c0uX9VAUBQ7dTDCjq+wdyGLowMdtR/GoC2U5IYk/7D1H1JYC0qseD7+11iMP2mRLN9RcCMRcjC4YMclCzGwS/A==

"@esbuild/android-arm@0.21.5":
  version "0.21.5"
  resolved "https://registry.yarnpkg.com/@esbuild/android-arm/-/android-arm-0.21.5.tgz#9b04384fb771926dfa6d7ad04324ecb2ab9b2e28"
  integrity sha512-vCPvzSjpPHEi1siZdlvAlsPxXl7WbOVUBBAowWug4rJHb68Ox8KualB+1ocNvT5fjv6wpkX6o/iEpbDrf68zcg==

"@esbuild/android-x64@0.21.5":
  version "0.21.5"
  resolved "https://registry.yarnpkg.com/@esbuild/android-x64/-/android-x64-0.21.5.tgz#29918ec2db754cedcb6c1b04de8cd6547af6461e"
  integrity sha512-D7aPRUUNHRBwHxzxRvp856rjUHRFW1SdQATKXH2hqA0kAZb1hKmi02OpYRacl0TxIGz/ZmXWlbZgjwWYaCakTA==

"@esbuild/darwin-arm64@0.21.5":
  version "0.21.5"
  resolved "https://registry.yarnpkg.com/@esbuild/darwin-arm64/-/darwin-arm64-0.21.5.tgz#e495b539660e51690f3928af50a76fb0a6ccff2a"
  integrity sha512-DwqXqZyuk5AiWWf3UfLiRDJ5EDd49zg6O9wclZ7kUMv2WRFr4HKjXp/5t8JZ11QbQfUS6/cRCKGwYhtNAY88kQ==

"@esbuild/darwin-x64@0.21.5":
  version "0.21.5"
  resolved "https://registry.yarnpkg.com/@esbuild/darwin-x64/-/darwin-x64-0.21.5.tgz#c13838fa57372839abdddc91d71542ceea2e1e22"
  integrity sha512-se/JjF8NlmKVG4kNIuyWMV/22ZaerB+qaSi5MdrXtd6R08kvs2qCN4C09miupktDitvh8jRFflwGFBQcxZRjbw==

"@esbuild/freebsd-arm64@0.21.5":
  version "0.21.5"
  resolved "https://registry.yarnpkg.com/@esbuild/freebsd-arm64/-/freebsd-arm64-0.21.5.tgz#646b989aa20bf89fd071dd5dbfad69a3542e550e"
  integrity sha512-5JcRxxRDUJLX8JXp/wcBCy3pENnCgBR9bN6JsY4OmhfUtIHe3ZW0mawA7+RDAcMLrMIZaf03NlQiX9DGyB8h4g==

"@esbuild/freebsd-x64@0.21.5":
  version "0.21.5"
  resolved "https://registry.yarnpkg.com/@esbuild/freebsd-x64/-/freebsd-x64-0.21.5.tgz#aa615cfc80af954d3458906e38ca22c18cf5c261"
  integrity sha512-J95kNBj1zkbMXtHVH29bBriQygMXqoVQOQYA+ISs0/2l3T9/kj42ow2mpqerRBxDJnmkUDCaQT/dfNXWX/ZZCQ==

"@esbuild/linux-arm64@0.21.5":
  version "0.21.5"
  resolved "https://registry.yarnpkg.com/@esbuild/linux-arm64/-/linux-arm64-0.21.5.tgz#70ac6fa14f5cb7e1f7f887bcffb680ad09922b5b"
  integrity sha512-ibKvmyYzKsBeX8d8I7MH/TMfWDXBF3db4qM6sy+7re0YXya+K1cem3on9XgdT2EQGMu4hQyZhan7TeQ8XkGp4Q==

"@esbuild/linux-arm@0.21.5":
  version "0.21.5"
  resolved "https://registry.yarnpkg.com/@esbuild/linux-arm/-/linux-arm-0.21.5.tgz#fc6fd11a8aca56c1f6f3894f2bea0479f8f626b9"
  integrity sha512-bPb5AHZtbeNGjCKVZ9UGqGwo8EUu4cLq68E95A53KlxAPRmUyYv2D6F0uUI65XisGOL1hBP5mTronbgo+0bFcA==

"@esbuild/linux-ia32@0.21.5":
  version "0.21.5"
  resolved "https://registry.yarnpkg.com/@esbuild/linux-ia32/-/linux-ia32-0.21.5.tgz#3271f53b3f93e3d093d518d1649d6d68d346ede2"
  integrity sha512-YvjXDqLRqPDl2dvRODYmmhz4rPeVKYvppfGYKSNGdyZkA01046pLWyRKKI3ax8fbJoK5QbxblURkwK/MWY18Tg==

"@esbuild/linux-loong64@0.21.5":
  version "0.21.5"
  resolved "https://registry.yarnpkg.com/@esbuild/linux-loong64/-/linux-loong64-0.21.5.tgz#ed62e04238c57026aea831c5a130b73c0f9f26df"
  integrity sha512-uHf1BmMG8qEvzdrzAqg2SIG/02+4/DHB6a9Kbya0XDvwDEKCoC8ZRWI5JJvNdUjtciBGFQ5PuBlpEOXQj+JQSg==

"@esbuild/linux-mips64el@0.21.5":
  version "0.21.5"
  resolved "https://registry.yarnpkg.com/@esbuild/linux-mips64el/-/linux-mips64el-0.21.5.tgz#e79b8eb48bf3b106fadec1ac8240fb97b4e64cbe"
  integrity sha512-IajOmO+KJK23bj52dFSNCMsz1QP1DqM6cwLUv3W1QwyxkyIWecfafnI555fvSGqEKwjMXVLokcV5ygHW5b3Jbg==

"@esbuild/linux-ppc64@0.21.5":
  version "0.21.5"
  resolved "https://registry.yarnpkg.com/@esbuild/linux-ppc64/-/linux-ppc64-0.21.5.tgz#5f2203860a143b9919d383ef7573521fb154c3e4"
  integrity sha512-1hHV/Z4OEfMwpLO8rp7CvlhBDnjsC3CttJXIhBi+5Aj5r+MBvy4egg7wCbe//hSsT+RvDAG7s81tAvpL2XAE4w==

"@esbuild/linux-riscv64@0.21.5":
  version "0.21.5"
  resolved "https://registry.yarnpkg.com/@esbuild/linux-riscv64/-/linux-riscv64-0.21.5.tgz#07bcafd99322d5af62f618cb9e6a9b7f4bb825dc"
  integrity sha512-2HdXDMd9GMgTGrPWnJzP2ALSokE/0O5HhTUvWIbD3YdjME8JwvSCnNGBnTThKGEB91OZhzrJ4qIIxk/SBmyDDA==

"@esbuild/linux-s390x@0.21.5":
  version "0.21.5"
  resolved "https://registry.yarnpkg.com/@esbuild/linux-s390x/-/linux-s390x-0.21.5.tgz#b7ccf686751d6a3e44b8627ababc8be3ef62d8de"
  integrity sha512-zus5sxzqBJD3eXxwvjN1yQkRepANgxE9lgOW2qLnmr8ikMTphkjgXu1HR01K4FJg8h1kEEDAqDcZQtbrRnB41A==

"@esbuild/linux-x64@0.21.5":
  version "0.21.5"
  resolved "https://registry.yarnpkg.com/@esbuild/linux-x64/-/linux-x64-0.21.5.tgz#6d8f0c768e070e64309af8004bb94e68ab2bb3b0"
  integrity sha512-1rYdTpyv03iycF1+BhzrzQJCdOuAOtaqHTWJZCWvijKD2N5Xu0TtVC8/+1faWqcP9iBCWOmjmhoH94dH82BxPQ==

"@esbuild/netbsd-x64@0.21.5":
  version "0.21.5"
  resolved "https://registry.yarnpkg.com/@esbuild/netbsd-x64/-/netbsd-x64-0.21.5.tgz#bbe430f60d378ecb88decb219c602667387a6047"
  integrity sha512-Woi2MXzXjMULccIwMnLciyZH4nCIMpWQAs049KEeMvOcNADVxo0UBIQPfSmxB3CWKedngg7sWZdLvLczpe0tLg==

"@esbuild/openbsd-x64@0.21.5":
  version "0.21.5"
  resolved "https://registry.yarnpkg.com/@esbuild/openbsd-x64/-/openbsd-x64-0.21.5.tgz#99d1cf2937279560d2104821f5ccce220cb2af70"
  integrity sha512-HLNNw99xsvx12lFBUwoT8EVCsSvRNDVxNpjZ7bPn947b8gJPzeHWyNVhFsaerc0n3TsbOINvRP2byTZ5LKezow==

"@esbuild/sunos-x64@0.21.5":
  version "0.21.5"
  resolved "https://registry.yarnpkg.com/@esbuild/sunos-x64/-/sunos-x64-0.21.5.tgz#08741512c10d529566baba837b4fe052c8f3487b"
  integrity sha512-6+gjmFpfy0BHU5Tpptkuh8+uw3mnrvgs+dSPQXQOv3ekbordwnzTVEb4qnIvQcYXq6gzkyTnoZ9dZG+D4garKg==

"@esbuild/win32-arm64@0.21.5":
  version "0.21.5"
  resolved "https://registry.yarnpkg.com/@esbuild/win32-arm64/-/win32-arm64-0.21.5.tgz#675b7385398411240735016144ab2e99a60fc75d"
  integrity sha512-Z0gOTd75VvXqyq7nsl93zwahcTROgqvuAcYDUr+vOv8uHhNSKROyU961kgtCD1e95IqPKSQKH7tBTslnS3tA8A==

"@esbuild/win32-ia32@0.21.5":
  version "0.21.5"
  resolved "https://registry.yarnpkg.com/@esbuild/win32-ia32/-/win32-ia32-0.21.5.tgz#1bfc3ce98aa6ca9a0969e4d2af72144c59c1193b"
  integrity sha512-SWXFF1CL2RVNMaVs+BBClwtfZSvDgtL//G/smwAc5oVK/UPu2Gu9tIaRgFmYFFKrmg3SyAjSrElf0TiJ1v8fYA==

"@esbuild/win32-x64@0.21.5":
  version "0.21.5"
  resolved "https://registry.yarnpkg.com/@esbuild/win32-x64/-/win32-x64-0.21.5.tgz#acad351d582d157bb145535db2a6ff53dd514b5c"
  integrity sha512-tQd/1efJuzPC6rCFwEvLtci/xNFcTZknmXs98FYDfGE4wP9ClFV98nyKrzJKVPMhdDnjzLhdUyMX4PsQAPjwIw==

"@napi-rs/wasm-runtime@^0.2.8":
  version "0.2.8"
  resolved "https://registry.yarnpkg.com/@napi-rs/wasm-runtime/-/wasm-runtime-0.2.8.tgz#642e8390ee78ed21d6b79c467aa610e249224ed6"
  integrity sha512-OBlgKdX7gin7OIq4fadsjpg+cp2ZphvAIKucHsNfTdJiqdOmOEwQd/bHi0VwNrcw5xpBJyUw6cK/QilCqy1BSg==
  dependencies:
    "@emnapi/core" "^1.4.0"
    "@emnapi/runtime" "^1.4.0"
    "@tybys/wasm-util" "^0.9.0"

"@nodelib/fs.scandir@2.1.5":
  version "2.1.5"
  resolved "https://registry.yarnpkg.com/@nodelib/fs.scandir/-/fs.scandir-2.1.5.tgz#7619c2eb21b25483f6d167548b4cfd5a7488c3d5"
  integrity sha512-vq24Bq3ym5HEQm2NKCr3yXDwjc7vTsEThRDnkp2DK9p1uqLR+DHurm/NOTo0KG7HYHU7eppKZj3MyqYuMBf62g==
  dependencies:
    "@nodelib/fs.stat" "2.0.5"
    run-parallel "^1.1.9"

"@nodelib/fs.stat@2.0.5", "@nodelib/fs.stat@^2.0.2":
  version "2.0.5"
  resolved "https://registry.yarnpkg.com/@nodelib/fs.stat/-/fs.stat-2.0.5.tgz#5bd262af94e9d25bd1e71b05deed44876a222e8b"
  integrity sha512-RkhPPp2zrqDAQA/2jNhnztcPAlv64XdhIp7a7454A5ovI7Bukxgt7MX7udwAu3zg1DcpPU0rz3VV1SeaqvY4+A==

"@nodelib/fs.walk@^1.2.3":
  version "1.2.8"
  resolved "https://registry.yarnpkg.com/@nodelib/fs.walk/-/fs.walk-1.2.8.tgz#e95737e8bb6746ddedf69c556953494f196fe69a"
  integrity sha512-oGB+UxlgWcgQkgwo8GcEGwemoTFt3FIO9ababBmaGwXIoBKZ+GTy0pP185beGg7Llih/NSHSV2XAs1lnznocSg==
  dependencies:
    "@nodelib/fs.scandir" "2.1.5"
    fastq "^1.6.0"

"@rollup/rollup-android-arm-eabi@4.40.0":
  version "4.40.0"
  resolved "https://registry.yarnpkg.com/@rollup/rollup-android-arm-eabi/-/rollup-android-arm-eabi-4.40.0.tgz#d964ee8ce4d18acf9358f96adc408689b6e27fe3"
  integrity sha512-+Fbls/diZ0RDerhE8kyC6hjADCXA1K4yVNlH0EYfd2XjyH0UGgzaQ8MlT0pCXAThfxv3QUAczHaL+qSv1E4/Cg==

"@rollup/rollup-android-arm64@4.40.0":
  version "4.40.0"
  resolved "https://registry.yarnpkg.com/@rollup/rollup-android-arm64/-/rollup-android-arm64-4.40.0.tgz#9b5e130ecc32a5fc1e96c09ff371743ee71a62d3"
  integrity sha512-PPA6aEEsTPRz+/4xxAmaoWDqh67N7wFbgFUJGMnanCFs0TV99M0M8QhhaSCks+n6EbQoFvLQgYOGXxlMGQe/6w==

"@rollup/rollup-darwin-arm64@4.40.0":
  version "4.40.0"
  resolved "https://registry.yarnpkg.com/@rollup/rollup-darwin-arm64/-/rollup-darwin-arm64-4.40.0.tgz#ef439182c739b20b3c4398cfc03e3c1249ac8903"
  integrity sha512-GwYOcOakYHdfnjjKwqpTGgn5a6cUX7+Ra2HeNj/GdXvO2VJOOXCiYYlRFU4CubFM67EhbmzLOmACKEfvp3J1kQ==

"@rollup/rollup-darwin-x64@4.40.0":
  version "4.40.0"
  resolved "https://registry.yarnpkg.com/@rollup/rollup-darwin-x64/-/rollup-darwin-x64-4.40.0.tgz#d7380c1531ab0420ca3be16f17018ef72dd3d504"
  integrity sha512-CoLEGJ+2eheqD9KBSxmma6ld01czS52Iw0e2qMZNpPDlf7Z9mj8xmMemxEucinev4LgHalDPczMyxzbq+Q+EtA==

"@rollup/rollup-freebsd-arm64@4.40.0":
  version "4.40.0"
  resolved "https://registry.yarnpkg.com/@rollup/rollup-freebsd-arm64/-/rollup-freebsd-arm64-4.40.0.tgz#cbcbd7248823c6b430ce543c59906dd3c6df0936"
  integrity sha512-r7yGiS4HN/kibvESzmrOB/PxKMhPTlz+FcGvoUIKYoTyGd5toHp48g1uZy1o1xQvybwwpqpe010JrcGG2s5nkg==

"@rollup/rollup-freebsd-x64@4.40.0":
  version "4.40.0"
  resolved "https://registry.yarnpkg.com/@rollup/rollup-freebsd-x64/-/rollup-freebsd-x64-4.40.0.tgz#96bf6ff875bab5219c3472c95fa6eb992586a93b"
  integrity sha512-mVDxzlf0oLzV3oZOr0SMJ0lSDd3xC4CmnWJ8Val8isp9jRGl5Dq//LLDSPFrasS7pSm6m5xAcKaw3sHXhBjoRw==

"@rollup/rollup-linux-arm-gnueabihf@4.40.0":
  version "4.40.0"
  resolved "https://registry.yarnpkg.com/@rollup/rollup-linux-arm-gnueabihf/-/rollup-linux-arm-gnueabihf-4.40.0.tgz#d80cd62ce6d40f8e611008d8dbf03b5e6bbf009c"
  integrity sha512-y/qUMOpJxBMy8xCXD++jeu8t7kzjlOCkoxxajL58G62PJGBZVl/Gwpm7JK9+YvlB701rcQTzjUZ1JgUoPTnoQA==

"@rollup/rollup-linux-arm-musleabihf@4.40.0":
  version "4.40.0"
  resolved "https://registry.yarnpkg.com/@rollup/rollup-linux-arm-musleabihf/-/rollup-linux-arm-musleabihf-4.40.0.tgz#75440cfc1e8d0f87a239b4c31dfeaf4719b656b7"
  integrity sha512-GoCsPibtVdJFPv/BOIvBKO/XmwZLwaNWdyD8TKlXuqp0veo2sHE+A/vpMQ5iSArRUz/uaoj4h5S6Pn0+PdhRjg==

"@rollup/rollup-linux-arm64-gnu@4.40.0":
  version "4.40.0"
  resolved "https://registry.yarnpkg.com/@rollup/rollup-linux-arm64-gnu/-/rollup-linux-arm64-gnu-4.40.0.tgz#ac527485ecbb619247fb08253ec8c551a0712e7c"
  integrity sha512-L5ZLphTjjAD9leJzSLI7rr8fNqJMlGDKlazW2tX4IUF9P7R5TMQPElpH82Q7eNIDQnQlAyiNVfRPfP2vM5Avvg==

"@rollup/rollup-linux-arm64-musl@4.40.0":
  version "4.40.0"
  resolved "https://registry.yarnpkg.com/@rollup/rollup-linux-arm64-musl/-/rollup-linux-arm64-musl-4.40.0.tgz#74d2b5cb11cf714cd7d1682e7c8b39140e908552"
  integrity sha512-ATZvCRGCDtv1Y4gpDIXsS+wfFeFuLwVxyUBSLawjgXK2tRE6fnsQEkE4csQQYWlBlsFztRzCnBvWVfcae/1qxQ==

"@rollup/rollup-linux-loongarch64-gnu@4.40.0":
  version "4.40.0"
  resolved "https://registry.yarnpkg.com/@rollup/rollup-linux-loongarch64-gnu/-/rollup-linux-loongarch64-gnu-4.40.0.tgz#a0a310e51da0b5fea0e944b0abd4be899819aef6"
  integrity sha512-wG9e2XtIhd++QugU5MD9i7OnpaVb08ji3P1y/hNbxrQ3sYEelKJOq1UJ5dXczeo6Hj2rfDEL5GdtkMSVLa/AOg==

"@rollup/rollup-linux-powerpc64le-gnu@4.40.0":
  version "4.40.0"
  resolved "https://registry.yarnpkg.com/@rollup/rollup-linux-powerpc64le-gnu/-/rollup-linux-powerpc64le-gnu-4.40.0.tgz#4077e2862b0ac9f61916d6b474d988171bd43b83"
  integrity sha512-vgXfWmj0f3jAUvC7TZSU/m/cOE558ILWDzS7jBhiCAFpY2WEBn5jqgbqvmzlMjtp8KlLcBlXVD2mkTSEQE6Ixw==

"@rollup/rollup-linux-riscv64-gnu@4.40.0":
  version "4.40.0"
  resolved "https://registry.yarnpkg.com/@rollup/rollup-linux-riscv64-gnu/-/rollup-linux-riscv64-gnu-4.40.0.tgz#5812a1a7a2f9581cbe12597307cc7ba3321cf2f3"
  integrity sha512-uJkYTugqtPZBS3Z136arevt/FsKTF/J9dEMTX/cwR7lsAW4bShzI2R0pJVw+hcBTWF4dxVckYh72Hk3/hWNKvA==

"@rollup/rollup-linux-riscv64-musl@4.40.0":
  version "4.40.0"
  resolved "https://registry.yarnpkg.com/@rollup/rollup-linux-riscv64-musl/-/rollup-linux-riscv64-musl-4.40.0.tgz#973aaaf4adef4531375c36616de4e01647f90039"
  integrity sha512-rKmSj6EXQRnhSkE22+WvrqOqRtk733x3p5sWpZilhmjnkHkpeCgWsFFo0dGnUGeA+OZjRl3+VYq+HyCOEuwcxQ==

"@rollup/rollup-linux-s390x-gnu@4.40.0":
  version "4.40.0"
  resolved "https://registry.yarnpkg.com/@rollup/rollup-linux-s390x-gnu/-/rollup-linux-s390x-gnu-4.40.0.tgz#9bad59e907ba5bfcf3e9dbd0247dfe583112f70b"
  integrity sha512-SpnYlAfKPOoVsQqmTFJ0usx0z84bzGOS9anAC0AZ3rdSo3snecihbhFTlJZ8XMwzqAcodjFU4+/SM311dqE5Sw==

"@rollup/rollup-linux-x64-gnu@4.40.0":
  version "4.40.0"
  resolved "https://registry.yarnpkg.com/@rollup/rollup-linux-x64-gnu/-/rollup-linux-x64-gnu-4.40.0.tgz#68b045a720bd9b4d905f462b997590c2190a6de0"
  integrity sha512-RcDGMtqF9EFN8i2RYN2W+64CdHruJ5rPqrlYw+cgM3uOVPSsnAQps7cpjXe9be/yDp8UC7VLoCoKC8J3Kn2FkQ==

"@rollup/rollup-linux-x64-musl@4.40.0":
  version "4.40.0"
  resolved "https://registry.yarnpkg.com/@rollup/rollup-linux-x64-musl/-/rollup-linux-x64-musl-4.40.0.tgz#8e703e2c2ad19ba7b2cb3d8c3a4ad11d4ee3a282"
  integrity sha512-HZvjpiUmSNx5zFgwtQAV1GaGazT2RWvqeDi0hV+AtC8unqqDSsaFjPxfsO6qPtKRRg25SisACWnJ37Yio8ttaw==

"@rollup/rollup-win32-arm64-msvc@4.40.0":
  version "4.40.0"
  resolved "https://registry.yarnpkg.com/@rollup/rollup-win32-arm64-msvc/-/rollup-win32-arm64-msvc-4.40.0.tgz#c5bee19fa670ff5da5f066be6a58b4568e9c650b"
  integrity sha512-UtZQQI5k/b8d7d3i9AZmA/t+Q4tk3hOC0tMOMSq2GlMYOfxbesxG4mJSeDp0EHs30N9bsfwUvs3zF4v/RzOeTQ==

"@rollup/rollup-win32-ia32-msvc@4.40.0":
  version "4.40.0"
  resolved "https://registry.yarnpkg.com/@rollup/rollup-win32-ia32-msvc/-/rollup-win32-ia32-msvc-4.40.0.tgz#846e02c17044bd922f6f483a3b4d36aac6e2b921"
  integrity sha512-+m03kvI2f5syIqHXCZLPVYplP8pQch9JHyXKZ3AGMKlg8dCyr2PKHjwRLiW53LTrN/Nc3EqHOKxUxzoSPdKddA==

"@rollup/rollup-win32-x64-msvc@4.40.0":
  version "4.40.0"
  resolved "https://registry.yarnpkg.com/@rollup/rollup-win32-x64-msvc/-/rollup-win32-x64-msvc-4.40.0.tgz#fd92d31a2931483c25677b9c6698106490cbbc76"
  integrity sha512-lpPE1cLfP5oPzVjKMx10pgBmKELQnFJXHgvtHCtuJWOv8MxqdEIMNtgHgBFf7Ea2/7EuVwa9fodWUfXAlXZLZQ==

"@tailwindcss/node@4.1.4":
  version "4.1.4"
  resolved "https://registry.yarnpkg.com/@tailwindcss/node/-/node-4.1.4.tgz#cfabbbcd53cbbae8a175dc744e6fe31e8ad43d3e"
  integrity sha512-MT5118zaiO6x6hNA04OWInuAiP1YISXql8Z+/Y8iisV5nuhM8VXlyhRuqc2PEviPszcXI66W44bCIk500Oolhw==
  dependencies:
    enhanced-resolve "^5.18.1"
    jiti "^2.4.2"
    lightningcss "1.29.2"
    tailwindcss "4.1.4"

"@tailwindcss/oxide-android-arm64@4.1.4":
  version "4.1.4"
  resolved "https://registry.yarnpkg.com/@tailwindcss/oxide-android-arm64/-/oxide-android-arm64-4.1.4.tgz#5cee1085f6c856f0da2c182e29d115af1f1118e8"
  integrity sha512-xMMAe/SaCN/vHfQYui3fqaBDEXMu22BVwQ33veLc8ep+DNy7CWN52L+TTG9y1K397w9nkzv+Mw+mZWISiqhmlA==

"@tailwindcss/oxide-darwin-arm64@4.1.4":
  version "4.1.4"
  resolved "https://registry.yarnpkg.com/@tailwindcss/oxide-darwin-arm64/-/oxide-darwin-arm64-4.1.4.tgz#878c0ea38fa277f058084bb1a91a4891d9049945"
  integrity sha512-JGRj0SYFuDuAGilWFBlshcexev2hOKfNkoX+0QTksKYq2zgF9VY/vVMq9m8IObYnLna0Xlg+ytCi2FN2rOL0Sg==

"@tailwindcss/oxide-darwin-x64@4.1.4":
  version "4.1.4"
  resolved "https://registry.yarnpkg.com/@tailwindcss/oxide-darwin-x64/-/oxide-darwin-x64-4.1.4.tgz#ffde947581f7eaa7e1df2be222255ccff063de8a"
  integrity sha512-sdDeLNvs3cYeWsEJ4H1DvjOzaGios4QbBTNLVLVs0XQ0V95bffT3+scptzYGPMjm7xv4+qMhCDrkHwhnUySEzA==

"@tailwindcss/oxide-freebsd-x64@4.1.4":
  version "4.1.4"
  resolved "https://registry.yarnpkg.com/@tailwindcss/oxide-freebsd-x64/-/oxide-freebsd-x64-4.1.4.tgz#894dbe0155afe924071198c44635663d3d9c967a"
  integrity sha512-VHxAqxqdghM83HslPhRsNhHo91McsxRJaEnShJOMu8mHmEj9Ig7ToHJtDukkuLWLzLboh2XSjq/0zO6wgvykNA==

"@tailwindcss/oxide-linux-arm-gnueabihf@4.1.4":
  version "4.1.4"
  resolved "https://registry.yarnpkg.com/@tailwindcss/oxide-linux-arm-gnueabihf/-/oxide-linux-arm-gnueabihf-4.1.4.tgz#7b5d7de6a88613e5c908a68f1ed84ac675fd9351"
  integrity sha512-OTU/m/eV4gQKxy9r5acuesqaymyeSCnsx1cFto/I1WhPmi5HDxX1nkzb8KYBiwkHIGg7CTfo/AcGzoXAJBxLfg==

"@tailwindcss/oxide-linux-arm64-gnu@4.1.4":
  version "4.1.4"
  resolved "https://registry.yarnpkg.com/@tailwindcss/oxide-linux-arm64-gnu/-/oxide-linux-arm64-gnu-4.1.4.tgz#9d77b37c0ad52c370de3573240993d43d6e82141"
  integrity sha512-hKlLNvbmUC6z5g/J4H+Zx7f7w15whSVImokLPmP6ff1QqTVE+TxUM9PGuNsjHvkvlHUtGTdDnOvGNSEUiXI1Ww==

"@tailwindcss/oxide-linux-arm64-musl@4.1.4":
  version "4.1.4"
  resolved "https://registry.yarnpkg.com/@tailwindcss/oxide-linux-arm64-musl/-/oxide-linux-arm64-musl-4.1.4.tgz#a1839425aaa7a42a465d58017f53c3817d98ac3d"
  integrity sha512-X3As2xhtgPTY/m5edUtddmZ8rCruvBvtxYLMw9OsZdH01L2gS2icsHRwxdU0dMItNfVmrBezueXZCHxVeeb7Aw==

"@tailwindcss/oxide-linux-x64-gnu@4.1.4":
  version "4.1.4"
  resolved "https://registry.yarnpkg.com/@tailwindcss/oxide-linux-x64-gnu/-/oxide-linux-x64-gnu-4.1.4.tgz#bf11a9bf2191d964bb8f696d2ea904b55140b800"
  integrity sha512-2VG4DqhGaDSmYIu6C4ua2vSLXnJsb/C9liej7TuSO04NK+JJJgJucDUgmX6sn7Gw3Cs5ZJ9ZLrnI0QRDOjLfNQ==

"@tailwindcss/oxide-linux-x64-musl@4.1.4":
  version "4.1.4"
  resolved "https://registry.yarnpkg.com/@tailwindcss/oxide-linux-x64-musl/-/oxide-linux-x64-musl-4.1.4.tgz#11c7429543951cfa308016d4a957ab6a4192b37f"
  integrity sha512-v+mxVgH2kmur/X5Mdrz9m7TsoVjbdYQT0b4Z+dr+I4RvreCNXyCFELZL/DO0M1RsidZTrm6O1eMnV6zlgEzTMQ==

"@tailwindcss/oxide-wasm32-wasi@4.1.4":
  version "4.1.4"
  resolved "https://registry.yarnpkg.com/@tailwindcss/oxide-wasm32-wasi/-/oxide-wasm32-wasi-4.1.4.tgz#2c6b1aba1f086c3337625cdb3372c3955832768c"
  integrity sha512-2TLe9ir+9esCf6Wm+lLWTMbgklIjiF0pbmDnwmhR9MksVOq+e8aP3TSsXySnBDDvTTVd/vKu1aNttEGj3P6l8Q==
  dependencies:
    "@emnapi/core" "^1.4.0"
    "@emnapi/runtime" "^1.4.0"
    "@emnapi/wasi-threads" "^1.0.1"
    "@napi-rs/wasm-runtime" "^0.2.8"
    "@tybys/wasm-util" "^0.9.0"
    tslib "^2.8.0"

"@tailwindcss/oxide-win32-arm64-msvc@4.1.4":
  version "4.1.4"
  resolved "https://registry.yarnpkg.com/@tailwindcss/oxide-win32-arm64-msvc/-/oxide-win32-arm64-msvc-4.1.4.tgz#ffdfed3d61203428d448f52e35185f85a0ef9856"
  integrity sha512-VlnhfilPlO0ltxW9/BgfLI5547PYzqBMPIzRrk4W7uupgCt8z6Trw/tAj6QUtF2om+1MH281Pg+HHUJoLesmng==

"@tailwindcss/oxide-win32-x64-msvc@4.1.4":
  version "4.1.4"
  resolved "https://registry.yarnpkg.com/@tailwindcss/oxide-win32-x64-msvc/-/oxide-win32-x64-msvc-4.1.4.tgz#0abb7920564bcf5dafabc56914eeea38547a32c9"
  integrity sha512-+7S63t5zhYjslUGb8NcgLpFXD+Kq1F/zt5Xv5qTv7HaFTG/DHyHD9GA6ieNAxhgyA4IcKa/zy7Xx4Oad2/wuhw==

"@tailwindcss/oxide@4.1.4":
  version "4.1.4"
  resolved "https://registry.yarnpkg.com/@tailwindcss/oxide/-/oxide-4.1.4.tgz#bf3bce61310b64bd47f61f12083ae4903a91ba8e"
  integrity sha512-p5wOpXyOJx7mKh5MXh5oKk+kqcz8T+bA3z/5VWWeQwFrmuBItGwz8Y2CHk/sJ+dNb9B0nYFfn0rj/cKHZyjahQ==
  optionalDependencies:
    "@tailwindcss/oxide-android-arm64" "4.1.4"
    "@tailwindcss/oxide-darwin-arm64" "4.1.4"
    "@tailwindcss/oxide-darwin-x64" "4.1.4"
    "@tailwindcss/oxide-freebsd-x64" "4.1.4"
    "@tailwindcss/oxide-linux-arm-gnueabihf" "4.1.4"
    "@tailwindcss/oxide-linux-arm64-gnu" "4.1.4"
    "@tailwindcss/oxide-linux-arm64-musl" "4.1.4"
    "@tailwindcss/oxide-linux-x64-gnu" "4.1.4"
    "@tailwindcss/oxide-linux-x64-musl" "4.1.4"
    "@tailwindcss/oxide-wasm32-wasi" "4.1.4"
    "@tailwindcss/oxide-win32-arm64-msvc" "4.1.4"
    "@tailwindcss/oxide-win32-x64-msvc" "4.1.4"

"@tailwindcss/vite@^4.1.4":
  version "4.1.4"
  resolved "https://registry.yarnpkg.com/@tailwindcss/vite/-/vite-4.1.4.tgz#4ae66008e3f69499b7a951ba42aa4bc3cb2f7cd0"
  integrity sha512-4UQeMrONbvrsXKXXp/uxmdEN5JIJ9RkH7YVzs6AMxC/KC1+Np7WZBaNIco7TEjlkthqxZbt8pU/ipD+hKjm80A==
  dependencies:
    "@tailwindcss/node" "4.1.4"
    "@tailwindcss/oxide" "4.1.4"
    tailwindcss "4.1.4"

"@tybys/wasm-util@^0.9.0":
  version "0.9.0"
  resolved "https://registry.yarnpkg.com/@tybys/wasm-util/-/wasm-util-0.9.0.tgz#3e75eb00604c8d6db470bf18c37b7d984a0e3355"
  integrity sha512-6+7nlbMVX/PVDCwaIQ8nTOPveOcFLSt8GcXdx8hD0bt39uWxYT88uXzqTd4fTvqta7oeUJqudepapKNt2DYJFw==
  dependencies:
    tslib "^2.4.0"

"@types/estree@1.0.7":
  version "1.0.7"
  resolved "https://registry.yarnpkg.com/@types/estree/-/estree-1.0.7.tgz#4158d3105276773d5b7695cd4834b1722e4f37a8"
  integrity sha512-w28IoSUCJpidD/TGviZwwMJckNESJZXFu7NBZ5YJ4mEUnNraUn9Pm8HSZm/jDF1pDWYKspWE7oVphigUPRakIQ==

braces@^3.0.3:
  version "3.0.3"
  resolved "https://registry.yarnpkg.com/braces/-/braces-3.0.3.tgz#490332f40919452272d55a8480adc0c441358789"
  integrity sha512-yQbXgO/OSZVD2IsiLlro+7Hf6Q18EJrKSEsdoMzKePKXct3gvD8oLcOQdIzGupr5Fj+EDe8gO/lxc1BzfMpxvA==
  dependencies:
    fill-range "^7.1.1"

debug@^4.3, debug@^4.3.4:
  version "4.4.0"
  resolved "https://registry.yarnpkg.com/debug/-/debug-4.4.0.tgz#2b3f2aea2ffeb776477460267377dc8710faba8a"
  integrity sha512-6WTZ/IxCY/T6BALoZHaE4ctp9xm+Z5kY/pzYaCHRFeyVhojxlrm+46y68HA6hr0TcwEssoxNiDEUJQjfPZ/RYA==
  dependencies:
    ms "^2.1.3"

detect-libc@^2.0.3:
  version "2.0.3"
  resolved "https://registry.yarnpkg.com/detect-libc/-/detect-libc-2.0.3.tgz#f0cd503b40f9939b894697d19ad50895e30cf700"
  integrity sha512-bwy0MGW55bG41VqxxypOsdSdGqLwXPI/focwgTYCFMbdUiBAxLg9CFzG08sz2aqzknwiX7Hkl0bQENjg8iLByw==

enhanced-resolve@^5.18.1:
  version "5.18.1"
  resolved "https://registry.yarnpkg.com/enhanced-resolve/-/enhanced-resolve-5.18.1.tgz#728ab082f8b7b6836de51f1637aab5d3b9568faf"
  integrity sha512-ZSW3ma5GkcQBIpwZTSRAI8N71Uuwgs93IezB7mf7R60tC8ZbJideoDNKjHn2O9KIlx6rkGTTEk1xUCK2E1Y2Yg==
  dependencies:
    graceful-fs "^4.2.4"
    tapable "^2.2.0"

esbuild@^0.21.3:
  version "0.21.5"
  resolved "https://registry.yarnpkg.com/esbuild/-/esbuild-0.21.5.tgz#9ca301b120922959b766360d8ac830da0d02997d"
  integrity sha512-mg3OPMV4hXywwpoDxu3Qda5xCKQi+vCTZq8S9J/EpkhB2HzKXq4SNFZE3+NK93JYxc8VMSep+lOUSC/RVKaBqw==
  optionalDependencies:
    "@esbuild/aix-ppc64" "0.21.5"
    "@esbuild/android-arm" "0.21.5"
    "@esbuild/android-arm64" "0.21.5"
    "@esbuild/android-x64" "0.21.5"
    "@esbuild/darwin-arm64" "0.21.5"
    "@esbuild/darwin-x64" "0.21.5"
    "@esbuild/freebsd-arm64" "0.21.5"
    "@esbuild/freebsd-x64" "0.21.5"
    "@esbuild/linux-arm" "0.21.5"
    "@esbuild/linux-arm64" "0.21.5"
    "@esbuild/linux-ia32" "0.21.5"
    "@esbuild/linux-loong64" "0.21.5"
    "@esbuild/linux-mips64el" "0.21.5"
    "@esbuild/linux-ppc64" "0.21.5"
    "@esbuild/linux-riscv64" "0.21.5"
    "@esbuild/linux-s390x" "0.21.5"
    "@esbuild/linux-x64" "0.21.5"
    "@esbuild/netbsd-x64" "0.21.5"
    "@esbuild/openbsd-x64" "0.21.5"
    "@esbuild/sunos-x64" "0.21.5"
    "@esbuild/win32-arm64" "0.21.5"
    "@esbuild/win32-ia32" "0.21.5"
    "@esbuild/win32-x64" "0.21.5"

fast-glob@^3.3.2:
  version "3.3.3"
  resolved "https://registry.yarnpkg.com/fast-glob/-/fast-glob-3.3.3.tgz#d06d585ce8dba90a16b0505c543c3ccfb3aeb818"
  integrity sha512-7MptL8U0cqcFdzIzwOTHoilX9x5BrNqye7Z/LuC7kCMRio1EMSyqRK3BEAUD7sXRq4iT4AzTVuZdhgQ2TCvYLg==
  dependencies:
    "@nodelib/fs.stat" "^2.0.2"
    "@nodelib/fs.walk" "^1.2.3"
    glob-parent "^5.1.2"
    merge2 "^1.3.0"
    micromatch "^4.0.8"

fastq@^1.6.0:
  version "1.19.1"
  resolved "https://registry.yarnpkg.com/fastq/-/fastq-1.19.1.tgz#d50eaba803c8846a883c16492821ebcd2cda55f5"
  integrity sha512-GwLTyxkCXjXbxqIhTsMI2Nui8huMPtnxg7krajPJAjnEG/iiOS7i+zCtWGZR9G0NBKbXKh6X9m9UIsYX/N6vvQ==
  dependencies:
    reusify "^1.0.4"

fill-range@^7.1.1:
  version "7.1.1"
  resolved "https://registry.yarnpkg.com/fill-range/-/fill-range-7.1.1.tgz#44265d3cac07e3ea7dc247516380643754a05292"
  integrity sha512-YsGpe3WHLK8ZYi4tWDg2Jy3ebRz2rXowDxnld4bkQB00cc/1Zw9AWnC0i9ztDJitivtQvaI9KaLyKrc+hBW0yg==
  dependencies:
    to-regex-range "^5.0.1"

fsevents@~2.3.2, fsevents@~2.3.3:
  version "2.3.3"
  resolved "https://registry.yarnpkg.com/fsevents/-/fsevents-2.3.3.tgz#cac6407785d03675a2a5e1a5305c697b347d90d6"
  integrity sha512-5xoDfX+fL7faATnagmWPpbFtwh/R77WmMMqqHGS65C3vvB0YHrgF+B1YmZ3441tMj5n63k0212XNoJwzlhffQw==

glob-parent@^5.1.2:
  version "5.1.2"
  resolved "https://registry.yarnpkg.com/glob-parent/-/glob-parent-5.1.2.tgz#869832c58034fe68a4093c17dc15e8340d8401c4"
  integrity sha512-AOIgSQCepiJYwP3ARnGx+5VnTu2HBYdzbGP45eLw1vr3zB3vZLeyed1sC9hnbcOc9/SrMyM5RPQrkGz4aS9Zow==
  dependencies:
    is-glob "^4.0.1"

graceful-fs@^4.2.4:
  version "4.2.11"
  resolved "https://registry.yarnpkg.com/graceful-fs/-/graceful-fs-4.2.11.tgz#4183e4e8bf08bb6e05bbb2f7d2e0c8f712ca40e3"
  integrity sha512-RbJ5/jmFcNNCcDV5o9eTnBLJ/HszWV0P73bc+Ff4nS/rJj+YaS6IGyiOL0VoBYX+l1Wrl3k63h/KrH+nhJ0XvQ==

is-extglob@^2.1.1:
  version "2.1.1"
  resolved "https://registry.yarnpkg.com/is-extglob/-/is-extglob-2.1.1.tgz#a88c02535791f02ed37c76a1b9ea9773c833f8c2"
  integrity sha512-SbKbANkN603Vi4jEZv49LeVJMn4yGwsbzZworEoyEiutsN3nJYdbO36zfhGJ6QEDpOZIFkDtnq5JRxmvl3jsoQ==

is-glob@^4.0.1:
  version "4.0.3"
  resolved "https://registry.yarnpkg.com/is-glob/-/is-glob-4.0.3.tgz#64f61e42cbbb2eec2071a9dac0b28ba1e65d5084"
  integrity sha512-xelSayHH36ZgE7ZWhli7pW34hNbNl8Ojv5KVmkJD4hBdD3th8Tfk9vYasLM+mXWOZhFkgZfxhLSnrwRr4elSSg==
  dependencies:
    is-extglob "^2.1.1"

is-number@^7.0.0:
  version "7.0.0"
  resolved "https://registry.yarnpkg.com/is-number/-/is-number-7.0.0.tgz#7535345b896734d5f80c4d06c50955527a14f12b"
  integrity sha512-41Cifkg6e8TylSpdtTpeLVMqvSBEVzTttHvERD741+pnZ8ANv0004MRL43QKPDlK9cGvNp6NZWZUBlbGXYxxng==

jiti@^2.4.2:
  version "2.4.2"
  resolved "https://registry.yarnpkg.com/jiti/-/jiti-2.4.2.tgz#d19b7732ebb6116b06e2038da74a55366faef560"
  integrity sha512-rg9zJN+G4n2nfJl5MW3BMygZX56zKPNVEYYqq7adpmMh4Jn2QNEwhvQlFy6jPVdcod7txZtKHWnyZiA3a0zP7A==

lightningcss-darwin-arm64@1.29.2:
  version "1.29.2"
  resolved "https://registry.yarnpkg.com/lightningcss-darwin-arm64/-/lightningcss-darwin-arm64-1.29.2.tgz#6ceff38b01134af48e859394e1ca21e5d49faae6"
  integrity sha512-cK/eMabSViKn/PG8U/a7aCorpeKLMlK0bQeNHmdb7qUnBkNPnL+oV5DjJUo0kqWsJUapZsM4jCfYItbqBDvlcA==

lightningcss-darwin-x64@1.29.2:
  version "1.29.2"
  resolved "https://registry.yarnpkg.com/lightningcss-darwin-x64/-/lightningcss-darwin-x64-1.29.2.tgz#891b6f9e57682d794223c33463ca66d3af3fb038"
  integrity sha512-j5qYxamyQw4kDXX5hnnCKMf3mLlHvG44f24Qyi2965/Ycz829MYqjrVg2H8BidybHBp9kom4D7DR5VqCKDXS0w==

lightningcss-freebsd-x64@1.29.2:
  version "1.29.2"
  resolved "https://registry.yarnpkg.com/lightningcss-freebsd-x64/-/lightningcss-freebsd-x64-1.29.2.tgz#8a95f9ab73b2b2b0beefe1599fafa8b058938495"
  integrity sha512-wDk7M2tM78Ii8ek9YjnY8MjV5f5JN2qNVO+/0BAGZRvXKtQrBC4/cn4ssQIpKIPP44YXw6gFdpUF+Ps+RGsCwg==

lightningcss-linux-arm-gnueabihf@1.29.2:
  version "1.29.2"
  resolved "https://registry.yarnpkg.com/lightningcss-linux-arm-gnueabihf/-/lightningcss-linux-arm-gnueabihf-1.29.2.tgz#5c60bbf92b39d7ed51e363f7b98a7111bf5914a1"
  integrity sha512-IRUrOrAF2Z+KExdExe3Rz7NSTuuJ2HvCGlMKoquK5pjvo2JY4Rybr+NrKnq0U0hZnx5AnGsuFHjGnNT14w26sg==

lightningcss-linux-arm64-gnu@1.29.2:
  version "1.29.2"
  resolved "https://registry.yarnpkg.com/lightningcss-linux-arm64-gnu/-/lightningcss-linux-arm64-gnu-1.29.2.tgz#e73d7608c4cce034c3654e5e8b53be74846224de"
  integrity sha512-KKCpOlmhdjvUTX/mBuaKemp0oeDIBBLFiU5Fnqxh1/DZ4JPZi4evEH7TKoSBFOSOV3J7iEmmBaw/8dpiUvRKlQ==

lightningcss-linux-arm64-musl@1.29.2:
  version "1.29.2"
  resolved "https://registry.yarnpkg.com/lightningcss-linux-arm64-musl/-/lightningcss-linux-arm64-musl-1.29.2.tgz#a95a18d5a909831c092e0a8d2de4b9ac1a8db151"
  integrity sha512-Q64eM1bPlOOUgxFmoPUefqzY1yV3ctFPE6d/Vt7WzLW4rKTv7MyYNky+FWxRpLkNASTnKQUaiMJ87zNODIrrKQ==

lightningcss-linux-x64-gnu@1.29.2:
  version "1.29.2"
  resolved "https://registry.yarnpkg.com/lightningcss-linux-x64-gnu/-/lightningcss-linux-x64-gnu-1.29.2.tgz#551ca07e565394928642edee92acc042e546cb78"
  integrity sha512-0v6idDCPG6epLXtBH/RPkHvYx74CVziHo6TMYga8O2EiQApnUPZsbR9nFNrg2cgBzk1AYqEd95TlrsL7nYABQg==

lightningcss-linux-x64-musl@1.29.2:
  version "1.29.2"
  resolved "https://registry.yarnpkg.com/lightningcss-linux-x64-musl/-/lightningcss-linux-x64-musl-1.29.2.tgz#2fd164554340831bce50285b57101817850dd258"
  integrity sha512-rMpz2yawkgGT8RULc5S4WiZopVMOFWjiItBT7aSfDX4NQav6M44rhn5hjtkKzB+wMTRlLLqxkeYEtQ3dd9696w==

lightningcss-win32-arm64-msvc@1.29.2:
  version "1.29.2"
  resolved "https://registry.yarnpkg.com/lightningcss-win32-arm64-msvc/-/lightningcss-win32-arm64-msvc-1.29.2.tgz#da43ea49fafc5d2de38e016f1a8539d5eed98318"
  integrity sha512-nL7zRW6evGQqYVu/bKGK+zShyz8OVzsCotFgc7judbt6wnB2KbiKKJwBE4SGoDBQ1O94RjW4asrCjQL4i8Fhbw==

lightningcss-win32-x64-msvc@1.29.2:
  version "1.29.2"
  resolved "https://registry.yarnpkg.com/lightningcss-win32-x64-msvc/-/lightningcss-win32-x64-msvc-1.29.2.tgz#ddefaa099a39b725b2f5bbdcb9fc718435cc9797"
  integrity sha512-EdIUW3B2vLuHmv7urfzMI/h2fmlnOQBk1xlsDxkN1tCWKjNFjfLhGxYk8C8mzpSfr+A6jFFIi8fU6LbQGsRWjA==

lightningcss@1.29.2:
  version "1.29.2"
  resolved "https://registry.yarnpkg.com/lightningcss/-/lightningcss-1.29.2.tgz#f5f0fd6e63292a232697e6fe709da5b47624def3"
  integrity sha512-6b6gd/RUXKaw5keVdSEtqFVdzWnU5jMxTUjA2bVcMNPLwSQ08Sv/UodBVtETLCn7k4S1Ibxwh7k68IwLZPgKaA==
  dependencies:
    detect-libc "^2.0.3"
  optionalDependencies:
    lightningcss-darwin-arm64 "1.29.2"
    lightningcss-darwin-x64 "1.29.2"
    lightningcss-freebsd-x64 "1.29.2"
    lightningcss-linux-arm-gnueabihf "1.29.2"
    lightningcss-linux-arm64-gnu "1.29.2"
    lightningcss-linux-arm64-musl "1.29.2"
    lightningcss-linux-x64-gnu "1.29.2"
    lightningcss-linux-x64-musl "1.29.2"
    lightningcss-win32-arm64-msvc "1.29.2"
    lightningcss-win32-x64-msvc "1.29.2"

merge2@^1.3.0:
  version "1.4.1"
  resolved "https://registry.yarnpkg.com/merge2/-/merge2-1.4.1.tgz#4368892f885e907455a6fd7dc55c0c9d404990ae"
  integrity sha512-8q7VEgMJW4J8tcfVPy8g09NcQwZdbwFEqhe/WZkoIzjn/3TGDwtOCYtXGxA3O8tPzpczCCDgv+P2P5y00ZJOOg==

micromatch@^4.0.8:
  version "4.0.8"
  resolved "https://registry.yarnpkg.com/micromatch/-/micromatch-4.0.8.tgz#d66fa18f3a47076789320b9b1af32bd86d9fa202"
  integrity sha512-PXwfBhYu0hBCPw8Dn0E+WDYb7af3dSLVWKi3HGv84IdF4TyFoC0ysxFd0Goxw7nSv4T/PzEJQxsYsEiFCKo2BA==
  dependencies:
    braces "^3.0.3"
    picomatch "^2.3.1"

ms@^2.1.3:
  version "2.1.3"
  resolved "https://registry.yarnpkg.com/ms/-/ms-2.1.3.tgz#574c8138ce1d2b5861f0b44579dbadd60c6615b2"
  integrity sha512-6FlzubTLZG3J2a/NVCAleEhjzq5oxgHyaCU9yYXvcLsvoVaHJq/s5xXI6/XXP6tz7R9xAOtHnSO/tXtF3WRTlA==

nanoid@^3.3.8:
  version "3.3.11"
  resolved "https://registry.yarnpkg.com/nanoid/-/nanoid-3.3.11.tgz#4f4f112cefbe303202f2199838128936266d185b"
  integrity sha512-N8SpfPUnUp1bK+PMYW8qSWdl9U+wwNWI4QKxOYDy9JAro3WMX7p2OeVRF9v+347pnakNevPmiHhNmZ2HbFA76w==

picocolors@^1.0.0, picocolors@^1.1.1:
  version "1.1.1"
  resolved "https://registry.yarnpkg.com/picocolors/-/picocolors-1.1.1.tgz#3d321af3eab939b083c8f929a1d12cda81c26b6b"
  integrity sha512-xceH2snhtb5M9liqDsmEw56le376mTZkEX/jEb/RxNFyegNul7eNslCXP9FDj/Lcu0X8KEyMceP2ntpaHrDEVA==

picomatch@^2.3.1:
  version "2.3.1"
  resolved "https://registry.yarnpkg.com/picomatch/-/picomatch-2.3.1.tgz#3ba3833733646d9d3e4995946c1365a67fb07a42"
  integrity sha512-JU3teHTNjmE2VCGFzuY8EXzCDVwEqB2a8fsIvwaStHhAWJEeVd1o1QD80CU6+ZdEXXSLbSsuLwJjkCBWqRQUVA==

postcss@^8.4.43:
  version "8.5.3"
  resolved "https://registry.yarnpkg.com/postcss/-/postcss-8.5.3.tgz#1463b6f1c7fb16fe258736cba29a2de35237eafb"
  integrity sha512-dle9A3yYxlBSrt8Fu+IpjGT8SY8hN0mlaA6GY8t0P5PjIOZemULz/E2Bnm/2dcUOena75OTNkHI76uZBNUUq3A==
  dependencies:
    nanoid "^3.3.8"
    picocolors "^1.1.1"
    source-map-js "^1.2.1"

queue-microtask@^1.2.2:
  version "1.2.3"
  resolved "https://registry.yarnpkg.com/queue-microtask/-/queue-microtask-1.2.3.tgz#4929228bbc724dfac43e0efb058caf7b6cfb6243"
  integrity sha512-NuaNSa6flKT5JaSYQzJok04JzTL1CA6aGhv5rfLW3PgqA+M2ChpZQnAC8h8i4ZFkBS8X5RqkDBHA7r4hej3K9A==

reusify@^1.0.4:
  version "1.1.0"
  resolved "https://registry.yarnpkg.com/reusify/-/reusify-1.1.0.tgz#0fe13b9522e1473f51b558ee796e08f11f9b489f"
  integrity sha512-g6QUff04oZpHs0eG5p83rFLhHeV00ug/Yf9nZM6fLeUrPguBTkTQOdpAWWspMh55TZfVQDPaN3NQJfbVRAxdIw==

rollup-plugin-gzip@^3.1.0:
  version "3.1.2"
  resolved "https://registry.yarnpkg.com/rollup-plugin-gzip/-/rollup-plugin-gzip-3.1.2.tgz#248267c09b23a7a48291625cf668d5511c517c36"
  integrity sha512-9xemMyvCjkklgNpu6jCYqQAbvCLJzA2nilkiOGzFuXTUX3cXEFMwIhsIBRF7kTKD/SnZ1tNPcxFm4m4zJ3VfNQ==

rollup@^4.20.0, rollup@^4.40.0:
  version "4.40.0"
  resolved "https://registry.yarnpkg.com/rollup/-/rollup-4.40.0.tgz#13742a615f423ccba457554f006873d5a4de1920"
  integrity sha512-Noe455xmA96nnqH5piFtLobsGbCij7Tu+tb3c1vYjNbTkfzGqXqQXG3wJaYXkRZuQ0vEYN4bhwg7QnIrqB5B+w==
  dependencies:
    "@types/estree" "1.0.7"
  optionalDependencies:
    "@rollup/rollup-android-arm-eabi" "4.40.0"
    "@rollup/rollup-android-arm64" "4.40.0"
    "@rollup/rollup-darwin-arm64" "4.40.0"
    "@rollup/rollup-darwin-x64" "4.40.0"
    "@rollup/rollup-freebsd-arm64" "4.40.0"
    "@rollup/rollup-freebsd-x64" "4.40.0"
    "@rollup/rollup-linux-arm-gnueabihf" "4.40.0"
    "@rollup/rollup-linux-arm-musleabihf" "4.40.0"
    "@rollup/rollup-linux-arm64-gnu" "4.40.0"
    "@rollup/rollup-linux-arm64-musl" "4.40.0"
    "@rollup/rollup-linux-loongarch64-gnu" "4.40.0"
    "@rollup/rollup-linux-powerpc64le-gnu" "4.40.0"
    "@rollup/rollup-linux-riscv64-gnu" "4.40.0"
    "@rollup/rollup-linux-riscv64-musl" "4.40.0"
    "@rollup/rollup-linux-s390x-gnu" "4.40.0"
    "@rollup/rollup-linux-x64-gnu" "4.40.0"
    "@rollup/rollup-linux-x64-musl" "4.40.0"
    "@rollup/rollup-win32-arm64-msvc" "4.40.0"
    "@rollup/rollup-win32-ia32-msvc" "4.40.0"
    "@rollup/rollup-win32-x64-msvc" "4.40.0"
    fsevents "~2.3.2"

run-parallel@^1.1.9:
  version "1.2.0"
  resolved "https://registry.yarnpkg.com/run-parallel/-/run-parallel-1.2.0.tgz#66d1368da7bdf921eb9d95bd1a9229e7f21a43ee"
  integrity sha512-5l4VyZR86LZ/lDxZTR6jqL8AFE2S0IFLMP26AbjsLVADxHdhB/c0GUsH+y39UfCi3dzz8OlQuPmnaJOMoDHQBA==
  dependencies:
    queue-microtask "^1.2.2"

source-map-js@^1.2.1:
  version "1.2.1"
  resolved "https://registry.yarnpkg.com/source-map-js/-/source-map-js-1.2.1.tgz#1ce5650fddd87abc099eda37dcff024c2667ae46"
  integrity sha512-UXWMKhLOwVKb728IUtQPXxfYU+usdybtUrK/8uGE8CQMvrhOpwvzDBwj0QhSL7MQc7vIsISBG8VQ8+IDQxpfQA==

stimulus-vite-helpers@^3.0.0:
  version "3.1.0"
  resolved "https://registry.yarnpkg.com/stimulus-vite-helpers/-/stimulus-vite-helpers-3.1.0.tgz#9216d703ac8d74befece4499ea738c18de408842"
  integrity sha512-qy9vnNnu6e/1PArEndp456BuSKLQkBgc+vX2pedOHT0N4GSLQY0l5fuQ4ft56xZ8xSWqrfuYSR+GXXIPtoESww==

tailwindcss@4.1.4, tailwindcss@^4.1.4:
  version "4.1.4"
  resolved "https://registry.yarnpkg.com/tailwindcss/-/tailwindcss-4.1.4.tgz#27b3c910c6f1a47f4540451f3faf7cdd6d977a69"
  integrity sha512-1ZIUqtPITFbv/DxRmDr5/agPqJwF69d24m9qmM1939TJehgY539CtzeZRjbLt5G6fSy/7YqqYsfvoTEw9xUI2A==

tapable@^2.2.0:
  version "2.2.1"
  resolved "https://registry.yarnpkg.com/tapable/-/tapable-2.2.1.tgz#1967a73ef4060a82f12ab96af86d52fdb76eeca0"
  integrity sha512-GNzQvQTOIP6RyTfE2Qxb8ZVlNmw0n88vp1szwWRimP02mnTsx3Wtn5qRdqY9w2XduFNUgvOwhNnQsjwCp+kqaQ==

to-regex-range@^5.0.1:
  version "5.0.1"
  resolved "https://registry.yarnpkg.com/to-regex-range/-/to-regex-range-5.0.1.tgz#1648c44aae7c8d988a326018ed72f5b4dd0392e4"
  integrity sha512-65P7iz6X5yEr1cwcgvQxbbIw7Uk3gOy5dIdtZ4rDveLqhrdJP+Li/Hx6tyK0NEb+2GCyneCMJiGqrADCSNk8sQ==
  dependencies:
    is-number "^7.0.0"

tslib@^2.4.0, tslib@^2.8.0:
  version "2.8.1"
  resolved "https://registry.yarnpkg.com/tslib/-/tslib-2.8.1.tgz#612efe4ed235d567e8aba5f2a5fab70280ade83f"
  integrity sha512-oJFu94HQb+KVduSUQL7wnpmqnfmLsOA/nAh6b6EH0wCEoK0/mPeXU6c3wKDV83MkOuHPRHtSXKKU99IBazS/2w==

vite-plugin-environment@^1.1.3:
  version "1.1.3"
  resolved "https://registry.yarnpkg.com/vite-plugin-environment/-/vite-plugin-environment-1.1.3.tgz#d01a04abb2f69730a4866c9c9db51d3dab74645b"
  integrity sha512-9LBhB0lx+2lXVBEWxFZC+WO7PKEyE/ykJ7EPWCq95NEcCpblxamTbs5Dm3DLBGzwODpJMEnzQywJU8fw6XGGGA==

vite-plugin-full-reload@^1.1.0:
  version "1.2.0"
  resolved "https://registry.yarnpkg.com/vite-plugin-full-reload/-/vite-plugin-full-reload-1.2.0.tgz#bc4bfdc842abb4d24309ca802be8b955fce1c0c6"
  integrity sha512-kz18NW79x0IHbxRSHm0jttP4zoO9P9gXh+n6UTwlNKnviTTEpOlum6oS9SmecrTtSr+muHEn5TUuC75UovQzcA==
  dependencies:
    picocolors "^1.0.0"
    picomatch "^2.3.1"

vite-plugin-manifest-sri@^0.2.0:
  version "0.2.0"
  resolved "https://registry.yarnpkg.com/vite-plugin-manifest-sri/-/vite-plugin-manifest-sri-0.2.0.tgz#cb1cfd11692ee81f5d1194926cbea6d3a38b8599"
  integrity sha512-Zt5jt19xTIJ91LOuQTCtNG7rTFc5OziAjBz2H5NdCGqaOD1nxrWExLhcKW+W4/q8/jOPCg/n5ncYEQmqCxiGQQ==

vite-plugin-rails@^0.5.0:
  version "0.5.0"
  resolved "https://registry.yarnpkg.com/vite-plugin-rails/-/vite-plugin-rails-0.5.0.tgz#fe29827b6f42abbc6e6537748963bb93871f468c"
  integrity sha512-PR3zTHW96X8c7dRsuL2Mu1EAXXeO8fQjQ2KanwIC7EWgBST+D8AKjJyEUAr13IakrIYvd1cM3LcQUcrKmCMePg==
  dependencies:
    rollup-plugin-gzip "^3.1.0"
    vite-plugin-environment "^1.1.3"
    vite-plugin-full-reload "^1.1.0"
    vite-plugin-manifest-sri "^0.2.0"
    vite-plugin-ruby "^5.0.0"
    vite-plugin-stimulus-hmr "^3.0.0"

vite-plugin-ruby@^5.0.0, vite-plugin-ruby@^5.1.1:
  version "5.1.1"
  resolved "https://registry.yarnpkg.com/vite-plugin-ruby/-/vite-plugin-ruby-5.1.1.tgz#ecd72591ddb90a23613051005bd70a6410945129"
  integrity sha512-I1dXJq2ywdvTD2Cz5LYNcYLujqQ3eUxPoCjruRdfm2QBtHBY15NEeb6x5HuPM3T5S+y8S3p9fwRsieQQCjk0gg==
  dependencies:
    debug "^4.3.4"
    fast-glob "^3.3.2"

vite-plugin-stimulus-hmr@^3.0.0:
  version "3.0.0"
  resolved "https://registry.yarnpkg.com/vite-plugin-stimulus-hmr/-/vite-plugin-stimulus-hmr-3.0.0.tgz#60410a69486e86a8c1a769fe4b10039ac5f8d910"
  integrity sha512-KElOiZOlaG4XilQQHrzK8M1u5UfK4EFfADJKQYbnmsUMifDOnPR6anVYgHAN95QyWJ67Q/rYWe5BB9M5OxocfQ==
  dependencies:
    debug "^4.3"
    stimulus-vite-helpers "^3.0.0"

vite@^5.4.18:
  version "5.4.18"
  resolved "https://registry.yarnpkg.com/vite/-/vite-5.4.18.tgz#b5af357f9d5ebb2e0c085779b7a37a77f09168a4"
  integrity sha512-1oDcnEp3lVyHCuQ2YFelM4Alm2o91xNoMncRm1U7S+JdYfYOvbiGZ3/CxGttrOu2M/KcGz7cRC2DoNUA6urmMA==
  dependencies:
    esbuild "^0.21.3"
    postcss "^8.4.43"
    rollup "^4.20.0"
  optionalDependencies:
    fsevents "~2.3.3"
